
Microsoft Visual Studio Solution File, Format Version 12.00
# Visual Studio Version 17
VisualStudioVersion = 17.8.34330.188
MinimumVisualStudioVersion = 10.0.40219.1
Project("{FAE04EC0-301F-11D3-BF4B-00C04F79EFBC}") = "Domain", "..\Domain\Domain\Domain.csproj", "{B139B215-C7B4-40C9-A916-6D555A217195}"
EndProject
Project("{FAE04EC0-301F-11D3-BF4B-00C04F79EFBC}") = "Infrastructure", "..\Infrastructure\Infrastructure\Infrastructure.csproj", "{0E2EFE5C-6B76-44BD-9500-08A2B4944F97}"
EndProject
Project("{FAE04EC0-301F-11D3-BF4B-00C04F79EFBC}") = "WebUI", "..\WebUI\WebUI\WebUI.csproj", "{B583FD1C-9C36-4A35-AB09-5E7393EBC977}"
EndProject
Global
	GlobalSection(SolutionConfigurationPlatforms) = preSolution
		Debug|Any CPU = Debug|Any CPU
		Release|Any CPU = Release|Any CPU
	EndGlobalSection
	GlobalSection(ProjectConfigurationPlatforms) = postSolution
		{B139B215-C7B4-40C9-A916-6D555A217195}.Debug|Any CPU.ActiveCfg = Debug|Any CPU
		{B139B215-C7B4-40C9-A916-6D555A217195}.Debug|Any CPU.Build.0 = Debug|Any CPU
		{B139B215-C7B4-40C9-A916-6D555A217195}.Release|Any CPU.ActiveCfg = Release|Any CPU
		{B139B215-C7B4-40C9-A916-6D555A217195}.Release|Any CPU.Build.0 = Release|Any CPU
		{0E2EFE5C-6B76-44BD-9500-08A2B4944F97}.Debug|Any CPU.ActiveCfg = Debug|Any CPU
		{0E2EFE5C-6B76-44BD-9500-08A2B4944F97}.Debug|Any CPU.Build.0 = Debug|Any CPU
		{0E2EFE5C-6B76-44BD-9500-08A2B4944F97}.Release|Any CPU.ActiveCfg = Release|Any CPU
		{0E2EFE5C-6B76-44BD-9500-08A2B4944F97}.Release|Any CPU.Build.0 = Release|Any CPU
		{B583FD1C-9C36-4A35-AB09-5E7393EBC977}.Debug|Any CPU.ActiveCfg = Debug|Any CPU
		{B583FD1C-9C36-4A35-AB09-5E7393EBC977}.Debug|Any CPU.Build.0 = Debug|Any CPU
		{B583FD1C-9C36-4A35-AB09-5E7393EBC977}.Release|Any CPU.ActiveCfg = Release|Any CPU
		{B583FD1C-9C36-4A35-AB09-5E7393EBC977}.Release|Any CPU.Build.0 = Release|Any CPU
	EndGlobalSection
	GlobalSection(SolutionProperties) = preSolution
		HideSolutionNode = FALSE
	EndGlobalSection
	GlobalSection(ExtensibilityGlobals) = postSolution
		SolutionGuid = {8D36A1DC-5197-418D-B41F-325CA42A03E9}
	EndGlobalSection
EndGlobal
