
Microsoft Visual Studio Solution File, Format Version 12.00
# Visual Studio Version 17
VisualStudioVersion = 17.8.34330.188
MinimumVisualStudioVersion = 10.0.40219.1
Project("{9A19103F-16F7-4668-BE54-9A1E7A4F7556}") = "Domain", "Domain\Domain\Domain.csproj", "{683E946B-AD1F-4FA9-B7F3-2D7EF783F974}"
EndProject
Project("{9A19103F-16F7-4668-BE54-9A1E7A4F7556}") = "Infrastructure", "Infrastructure\Infrastructure\Infrastructure.csproj", "{CEAF9D7F-690C-49EC-AE8F-BC00CC17FE0B}"
EndProject
Project("{9A19103F-16F7-4668-BE54-9A1E7A4F7556}") = "WebUI", "WebUI\WebUI\WebUI.csproj", "{F64CB7EE-1DDB-47CC-84DB-0D985A6E650A}"
EndProject
Global
	GlobalSection(SolutionConfigurationPlatforms) = preSolution
		Debug|Any CPU = Debug|Any CPU
		Release|Any CPU = Release|Any CPU
	EndGlobalSection
	GlobalSection(ProjectConfigurationPlatforms) = postSolution
		{683E946B-AD1F-4FA9-B7F3-2D7EF783F974}.Debug|Any CPU.ActiveCfg = Debug|Any CPU
		{683E946B-AD1F-4FA9-B7F3-2D7EF783F974}.Debug|Any CPU.Build.0 = Debug|Any CPU
		{683E946B-AD1F-4FA9-B7F3-2D7EF783F974}.Release|Any CPU.ActiveCfg = Release|Any CPU
		{683E946B-AD1F-4FA9-B7F3-2D7EF783F974}.Release|Any CPU.Build.0 = Release|Any CPU
		{CEAF9D7F-690C-49EC-AE8F-BC00CC17FE0B}.Debug|Any CPU.ActiveCfg = Debug|Any CPU
		{CEAF9D7F-690C-49EC-AE8F-BC00CC17FE0B}.Debug|Any CPU.Build.0 = Debug|Any CPU
		{CEAF9D7F-690C-49EC-AE8F-BC00CC17FE0B}.Release|Any CPU.ActiveCfg = Release|Any CPU
		{CEAF9D7F-690C-49EC-AE8F-BC00CC17FE0B}.Release|Any CPU.Build.0 = Release|Any CPU
		{F64CB7EE-1DDB-47CC-84DB-0D985A6E650A}.Debug|Any CPU.ActiveCfg = Debug|Any CPU
		{F64CB7EE-1DDB-47CC-84DB-0D985A6E650A}.Debug|Any CPU.Build.0 = Debug|Any CPU
		{F64CB7EE-1DDB-47CC-84DB-0D985A6E650A}.Release|Any CPU.ActiveCfg = Release|Any CPU
		{F64CB7EE-1DDB-47CC-84DB-0D985A6E650A}.Release|Any CPU.Build.0 = Release|Any CPU
	EndGlobalSection
	GlobalSection(SolutionProperties) = preSolution
		HideSolutionNode = FALSE
	EndGlobalSection
	GlobalSection(ExtensibilityGlobals) = postSolution
		SolutionGuid = {8D36A1DC-5197-418D-B41F-325CA42A03E9}
	EndGlobalSection
EndGlobal
